
Microsoft Visual Studio Solution File, Format Version 12.00
Project("{FAE04EC0-301F-11D3-BF4B-00C04F79EFBC}") = "SysVentas.Facturacion.WebApi", "SysVentas.Facturacion.WebApi\SysVentas.Facturacion.WebApi.csproj", "{D168428C-D760-4D2C-8292-6BCA8124A3CA}"
EndProject
Project("{FAE04EC0-301F-11D3-BF4B-00C04F79EFBC}") = "SysVentas.Facturacion.Domain", "SysVentas.Facturacion.Domain\SysVentas.Facturacion.Domain.csproj", "{F20B6C8B-4A71-4B49-AD7F-25DE92CB70FC}"
EndProject
Project("{FAE04EC0-301F-11D3-BF4B-00C04F79EFBC}") = "SysVentas.Facturation.Infrastructure.Data", "SysVentas.Facturation.Infrastructure.Data\SysVentas.Facturation.Infrastructure.Data.csproj", "{FD0A670D-F51E-4A5E-8FE1-4190F4629CBA}"
EndProject
Project("{FAE04EC0-301F-11D3-BF4B-00C04F79EFBC}") = "SysVentas.Facturation.Application", "SysVentas.Facturation.Application\SysVentas.Facturation.Application.csproj", "{F82492C0-95D8-452C-A164-A8EC9F8077D6}"
EndProject
Project("{FAE04EC0-301F-11D3-BF4B-00C04F79EFBC}") = "SysVentas.Facturation.Infrastructure.HttpServices", "SysVentas.Facturation.Infrastructure.HttpServices\SysVentas.Facturation.Infrastructure.HttpServices.csproj", "{998743B6-40AC-4CC1-BE57-B9204B51F233}"
EndProject
Global
	GlobalSection(SolutionConfigurationPlatforms) = preSolution
		Debug|Any CPU = Debug|Any CPU
		Release|Any CPU = Release|Any CPU
	EndGlobalSection
	GlobalSection(ProjectConfigurationPlatforms) = postSolution
		{D168428C-D760-4D2C-8292-6BCA8124A3CA}.Debug|Any CPU.ActiveCfg = Debug|Any CPU
		{D168428C-D760-4D2C-8292-6BCA8124A3CA}.Debug|Any CPU.Build.0 = Debug|Any CPU
		{D168428C-D760-4D2C-8292-6BCA8124A3CA}.Release|Any CPU.ActiveCfg = Release|Any CPU
		{D168428C-D760-4D2C-8292-6BCA8124A3CA}.Release|Any CPU.Build.0 = Release|Any CPU
		{F20B6C8B-4A71-4B49-AD7F-25DE92CB70FC}.Debug|Any CPU.ActiveCfg = Debug|Any CPU
		{F20B6C8B-4A71-4B49-AD7F-25DE92CB70FC}.Debug|Any CPU.Build.0 = Debug|Any CPU
		{F20B6C8B-4A71-4B49-AD7F-25DE92CB70FC}.Release|Any CPU.ActiveCfg = Release|Any CPU
		{F20B6C8B-4A71-4B49-AD7F-25DE92CB70FC}.Release|Any CPU.Build.0 = Release|Any CPU
		{FD0A670D-F51E-4A5E-8FE1-4190F4629CBA}.Debug|Any CPU.ActiveCfg = Debug|Any CPU
		{FD0A670D-F51E-4A5E-8FE1-4190F4629CBA}.Debug|Any CPU.Build.0 = Debug|Any CPU
		{FD0A670D-F51E-4A5E-8FE1-4190F4629CBA}.Release|Any CPU.ActiveCfg = Release|Any CPU
		{FD0A670D-F51E-4A5E-8FE1-4190F4629CBA}.Release|Any CPU.Build.0 = Release|Any CPU
		{F82492C0-95D8-452C-A164-A8EC9F8077D6}.Debug|Any CPU.ActiveCfg = Debug|Any CPU
		{F82492C0-95D8-452C-A164-A8EC9F8077D6}.Debug|Any CPU.Build.0 = Debug|Any CPU
		{F82492C0-95D8-452C-A164-A8EC9F8077D6}.Release|Any CPU.ActiveCfg = Release|Any CPU
		{F82492C0-95D8-452C-A164-A8EC9F8077D6}.Release|Any CPU.Build.0 = Release|Any CPU
		{998743B6-40AC-4CC1-BE57-B9204B51F233}.Debug|Any CPU.ActiveCfg = Debug|Any CPU
		{998743B6-40AC-4CC1-BE57-B9204B51F233}.Debug|Any CPU.Build.0 = Debug|Any CPU
		{998743B6-40AC-4CC1-BE57-B9204B51F233}.Release|Any CPU.ActiveCfg = Release|Any CPU
		{998743B6-40AC-4CC1-BE57-B9204B51F233}.Release|Any CPU.Build.0 = Release|Any CPU
	EndGlobalSection
EndGlobal
